PODS:
  - DifferenceKit (1.1.5):
    - DifferenceKit/Core (= 1.1.5)
    - DifferenceKit/UIKitExtension (= 1.1.5)
  - DifferenceKit/Core (1.1.5)
  - DifferenceKit/UIKitExtension (1.1.5):
    - DifferenceKit/Core

DEPENDENCIES:
  - DifferenceKit (= 1.1.5)

SPEC REPOS:
  trunk:
    - DifferenceKit

SPEC CHECKSUMS:
  DifferenceKit: 516f12e336ed65a3a0665847b5c3cb5cad4bd4ea

PODFILE CHECKSUM: e5646fb1c5b2aa21b4d948fdcf636cd0c3dbb640

COCOAPODS: 1.8.4
