PODS:
  - DifferenceKit (1.1.5):
    - DifferenceKit/Core (= 1.1.5)
    - DifferenceKit/UIKitExtension (= 1.1.5)
  - DifferenceKit/Core (1.1.5)
  - DifferenceKit/UIKitExtension (1.1.5):
    - DifferenceKit/Core

DEPENDENCIES:
  - DifferenceKit (= 1.1.5)

SPEC REPOS:
  trunk:
    - DifferenceKit

SPEC CHECKSUMS:
  DifferenceKit: 516f12e336ed65a3a0665847b5c3cb5cad4bd4ea

PODFILE CHECKSUM: 88a4fef20344e57e0a43d251cb271263402ac0a1

COCOAPODS: 1.8.4
