// !$*UTF8*$!
{
	archiveVersion = 1;
	classes = {
	};
	objectVersion = 50;
	objects = {

/* Begin PBXBuildFile section */
		1BE54094AE0499350268A897 /* LoadingTableViewCell.swift in Sources */ = {isa = PBXBuildFile; fileRef = 1BE541A4604D21D5C26786B9 /* LoadingTableViewCell.swift */; };
		1BE540CFF3E93287725F9A93 /* ShufflingDataProvider.swift in Sources */ = {isa = PBXBuildFile; fileRef = 1BE5491829609596AEA56069 /* ShufflingDataProvider.swift */; };
		1BE5431D61ABCC21EB0022CB /* SearchBarContainerViewController.swift in Sources */ = {isa = PBXBuildFile; fileRef = 1BE5452FD3C614F40ED4E7B7 /* SearchBarContainerViewController.swift */; };
		1BE5432DF14B3372AB70A8AE /* ConfigurableCellAdapter+DifferenceKit.swift in Sources */ = {isa = PBXBuildFile; fileRef = 1BE546245295D6F3FEBE817C /* ConfigurableCellAdapter+DifferenceKit.swift */; };
		1BE5441A8E2A77ECCF91FD2D /* PaginatingDataProvider.swift in Sources */ = {isa = PBXBuildFile; fileRef = 1BE54C1F04477B557E7461F1 /* PaginatingDataProvider.swift */; };
		1BE54422EE3D1DE980A171A9 /* CityDataMock.swift in Sources */ = {isa = PBXBuildFile; fileRef = 1BE54FA5D14BD8BC0AD8BDE8 /* CityDataMock.swift */; };
		1BE546F573FCB4EC3C411154 /* ListData+DifferenceKit.swift in Sources */ = {isa = PBXBuildFile; fileRef = 1BE5411A3FAEAA928CC5D79C /* ListData+DifferenceKit.swift */; };
		1BE5477BF9562C33D470E48E /* CityCollectionCell.swift in Sources */ = {isa = PBXBuildFile; fileRef = 1BE54979DA47C603454EF36D /* CityCollectionCell.swift */; };
		1BE547ACE8A405FAADB57DA4 /* GenericSearchEventHandler.swift in Sources */ = {isa = PBXBuildFile; fileRef = 1BE545F87D717E7276B339CD /* GenericSearchEventHandler.swift */; };
		1BE5492B11A7E4F21D627E27 /* CityCollectionCell.xib in Resources */ = {isa = PBXBuildFile; fileRef = 1BE54415A3516B042B5702AD /* CityCollectionCell.xib */; };
		1BE549FE5A615620849CBE5E /* SearchBarController.swift in Sources */ = {isa = PBXBuildFile; fileRef = 1BE54AEC4B1C5CB4D3255D00 /* SearchBarController.swift */; };
		1BE54A2A8AA685799111BAFB /* CityTableCell.swift in Sources */ = {isa = PBXBuildFile; fileRef = 1BE54408A58310EF66BEFE1F /* CityTableCell.swift */; };
		1BE54B171EBF84803C0C10B7 /* ListCellType.swift in Sources */ = {isa = PBXBuildFile; fileRef = 1BE54063ACA0DBB008F2F82E /* ListCellType.swift */; };
		1BE54B6435E8F25EF971AE06 /* CityDataProvider.swift in Sources */ = {isa = PBXBuildFile; fileRef = 1BE54DACCB66CCEDB6BC2DF2 /* CityDataProvider.swift */; };
		1BE54CBE771FB83BCA96AEC2 /* EnclosingArrayDataProvider.swift in Sources */ = {isa = PBXBuildFile; fileRef = 1BE544DA41DEF5CD5BB1D55E /* EnclosingArrayDataProvider.swift */; };
		1BE54D742770685412B14E0D /* RandomizingEventHandler.swift in Sources */ = {isa = PBXBuildFile; fileRef = 1BE544C4A2FC9F2E9CD242E8 /* RandomizingEventHandler.swift */; };
		1BE54F29CF4ADF76A4D4CC78 /* CityTableCell.xib in Resources */ = {isa = PBXBuildFile; fileRef = 1BE5406DA9CA490425882368 /* CityTableCell.xib */; };
		1BE54F466A188DACF21C6251 /* CityCellEventHandling.swift in Sources */ = {isa = PBXBuildFile; fileRef = 1BE548B9402C2AC37C656C0B /* CityCellEventHandling.swift */; };
		4508237123E8B6FC008D604C /* CustomTabViewController.h in Headers */ = {isa = PBXBuildFile; fileRef = 4508236F23E8B6FC008D604C /* CustomTabViewController.h */; settings = {ATTRIBUTES = (Public, ); }; };
		4508237423E8B6FC008D604C /* CustomTabViewController.framework in Frameworks */ = {isa = PBXBuildFile; fileRef = 4508236D23E8B6FC008D604C /* CustomTabViewController.framework */; };
		4508237523E8B6FC008D604C /* CustomTabViewController.framework in Embed Frameworks */ = {isa = PBXBuildFile; fileRef = 4508236D23E8B6FC008D604C /* CustomTabViewController.framework */; settings = {ATTRIBUTES = (CodeSignOnCopy, RemoveHeadersOnCopy, ); }; };
		4508238023E8B745008D604C /* CustomTabViewController.swift in Sources */ = {isa = PBXBuildFile; fileRef = 4508237B23E8B745008D604C /* CustomTabViewController.swift */; };
		4508238223E8B745008D604C /* CustomTabViewController.xib in Resources */ = {isa = PBXBuildFile; fileRef = 4508237D23E8B745008D604C /* CustomTabViewController.xib */; };
		4508238323E8B745008D604C /* CustomTabViewControllerDelegate.swift in Sources */ = {isa = PBXBuildFile; fileRef = 4508237E23E8B745008D604C /* CustomTabViewControllerDelegate.swift */; };
		454D7C7B23EA429B00CE790A /* ReusableView.h in Headers */ = {isa = PBXBuildFile; fileRef = 454D7C7923EA429B00CE790A /* ReusableView.h */; settings = {ATTRIBUTES = (Public, ); }; };
		454D7C7E23EA429B00CE790A /* ReusableView.framework in Frameworks */ = {isa = PBXBuildFile; fileRef = 454D7C7723EA429B00CE790A /* ReusableView.framework */; };
		454D7C7F23EA429B00CE790A /* ReusableView.framework in Embed Frameworks */ = {isa = PBXBuildFile; fileRef = 454D7C7723EA429B00CE790A /* ReusableView.framework */; settings = {ATTRIBUTES = (CodeSignOnCopy, RemoveHeadersOnCopy, ); }; };
		454D7C8323EA431200CE790A /* WeakArray.swift in Sources */ = {isa = PBXBuildFile; fileRef = EF1581D4D95C0C0D445D5BA0 /* WeakArray.swift */; };
		454D7C8423EA431200CE790A /* ReusableViewDequeuer.swift in Sources */ = {isa = PBXBuildFile; fileRef = EF158390FD29DF638BA07D4E /* ReusableViewDequeuer.swift */; };
		454D7C8523EA431200CE790A /* DequeuingFactory.swift in Sources */ = {isa = PBXBuildFile; fileRef = EF1584FCE0C33E64B1B2F402 /* DequeuingFactory.swift */; };
		454D7C8623EA431200CE790A /* ReusableViewFactory.swift in Sources */ = {isa = PBXBuildFile; fileRef = EF15812EB20E1676682C18EA /* ReusableViewFactory.swift */; };
		454D7C8723EA431200CE790A /* CellAdapter.swift in Sources */ = {isa = PBXBuildFile; fileRef = EF1581844043A2E0F0FAE4BD /* CellAdapter.swift */; };
		454D7C8823EA431200CE790A /* ConfigurableReusableView.swift in Sources */ = {isa = PBXBuildFile; fileRef = EF15895F767D97C87C8DF47B /* ConfigurableReusableView.swift */; };
		454D7C8923EA431200CE790A /* ConfigurableCellAdapter.swift in Sources */ = {isa = PBXBuildFile; fileRef = EF15879C343E093A46AFBAEF /* ConfigurableCellAdapter.swift */; };
		454D7C8A23EA431200CE790A /* ConcreteCellAdapter.swift in Sources */ = {isa = PBXBuildFile; fileRef = EF1585787A1EACF137269018 /* ConcreteCellAdapter.swift */; };
		454D7C8B23EA431200CE790A /* AnyCollectionCellAdapter.swift in Sources */ = {isa = PBXBuildFile; fileRef = EF1585426B5C33E4EFF18411 /* AnyCollectionCellAdapter.swift */; };
		454D7C8C23EA431200CE790A /* AnyTableCellAdapter.swift in Sources */ = {isa = PBXBuildFile; fileRef = EF1582152ACB641BF0256D82 /* AnyTableCellAdapter.swift */; };
		454D7C8D23EA431200CE790A /* TableReusableCellDequeuer.swift in Sources */ = {isa = PBXBuildFile; fileRef = EF158C28175143A700FC6BE2 /* TableReusableCellDequeuer.swift */; };
		454D7C8E23EA431200CE790A /* CollectionReusableCellDequeuer.swift in Sources */ = {isa = PBXBuildFile; fileRef = EF158020AE89F384E12F946D /* CollectionReusableCellDequeuer.swift */; };
		454D7C8F23EA431200CE790A /* ReusableView.swift in Sources */ = {isa = PBXBuildFile; fileRef = EF15871F15219BBA31FFBD87 /* ReusableView.swift */; };
		454D7C9123EA438300CE790A /* ViewHolder.swift in Sources */ = {isa = PBXBuildFile; fileRef = EF158BB37A040DA53032272C /* ViewHolder.swift */; };
		454D7C9223EA438300CE790A /* CollectionViewFactory.swift in Sources */ = {isa = PBXBuildFile; fileRef = EF1584192194F8128DCEF4A3 /* CollectionViewFactory.swift */; };
		454D7C9323EA438300CE790A /* TableViewFactory.swift in Sources */ = {isa = PBXBuildFile; fileRef = EF15870EEEB2CE72281832E0 /* TableViewFactory.swift */; };
		454D7C9523EA438300CE790A /* AnyViewHolder.swift in Sources */ = {isa = PBXBuildFile; fileRef = EF15847AC5935191E3EB9C89 /* AnyViewHolder.swift */; };
		454D7C9F23EA471000CE790A /* UniversalList.h in Headers */ = {isa = PBXBuildFile; fileRef = 454D7C9D23EA471000CE790A /* UniversalList.h */; settings = {ATTRIBUTES = (Public, ); }; };
		454D7CA223EA471000CE790A /* UniversalList.framework in Frameworks */ = {isa = PBXBuildFile; fileRef = 454D7C9B23EA471000CE790A /* UniversalList.framework */; };
		454D7CA323EA471000CE790A /* UniversalList.framework in Embed Frameworks */ = {isa = PBXBuildFile; fileRef = 454D7C9B23EA471000CE790A /* UniversalList.framework */; settings = {ATTRIBUTES = (CodeSignOnCopy, RemoveHeadersOnCopy, ); }; };
		454D7CA723EA4AB300CE790A /* ListData.swift in Sources */ = {isa = PBXBuildFile; fileRef = EF158FC7601781B1CA14CD49 /* ListData.swift */; };
		454D7CA823EA4AB300CE790A /* SectionData.swift in Sources */ = {isa = PBXBuildFile; fileRef = EF1589A1C14445FDE9050A63 /* SectionData.swift */; };
		454D7CA923EA4AB300CE790A /* CellData.swift in Sources */ = {isa = PBXBuildFile; fileRef = EF158C616003879A443B0284 /* CellData.swift */; };
		454D7CAA23EA4BAC00CE790A /* DataTransformer.swift in Sources */ = {isa = PBXBuildFile; fileRef = EF158A1606C478A92B398600 /* DataTransformer.swift */; };
		454D7CAB23EA4BAC00CE790A /* DirectDataTransformer.swift in Sources */ = {isa = PBXBuildFile; fileRef = EF158491BA95FD7A35240BEF /* DirectDataTransformer.swift */; };
		454D7CAC23EA4BAC00CE790A /* UniversalListViewController.swift in Sources */ = {isa = PBXBuildFile; fileRef = EF158C2E0502DB7E4A28775E /* UniversalListViewController.swift */; };
		454D7CAD23EA4BAC00CE790A /* UniversalListViewControllerEventHandler.swift in Sources */ = {isa = PBXBuildFile; fileRef = EF1586A621D1B3D82A5C8226 /* UniversalListViewControllerEventHandler.swift */; };
		454D7CAE23EA4BAC00CE790A /* TableViewDataSourceController.swift in Sources */ = {isa = PBXBuildFile; fileRef = EF158EB1DC4DD30DC2B9DA86 /* TableViewDataSourceController.swift */; };
		454D7CAF23EA4BAC00CE790A /* CollectionViewDataSourceController.swift in Sources */ = {isa = PBXBuildFile; fileRef = EF158C917560A7A7FD8E36C1 /* CollectionViewDataSourceController.swift */; };
		454D7CB023EA4BAC00CE790A /* UniversalListDataSourceController.swift in Sources */ = {isa = PBXBuildFile; fileRef = EF158EF761C04CC2267041C9 /* UniversalListDataSourceController.swift */; };
		454D7CB123EA4BAC00CE790A /* UniversalListDelegateController.swift in Sources */ = {isa = PBXBuildFile; fileRef = EF15898C2D06A7C2F2A03E54 /* UniversalListDelegateController.swift */; };
		454D7CB223EA4BAC00CE790A /* SimpleTableViewDelegateController.swift in Sources */ = {isa = PBXBuildFile; fileRef = EF158F575419851871B0EB18 /* SimpleTableViewDelegateController.swift */; };
		454D7CB323EA4BAC00CE790A /* SimpleCollectionViewDelegateController.swift in Sources */ = {isa = PBXBuildFile; fileRef = EF158538BD806816AA0CF32C /* SimpleCollectionViewDelegateController.swift */; };
		454D7CB423EA4BAC00CE790A /* SimpleDelegateControllerEventHandler.swift in Sources */ = {isa = PBXBuildFile; fileRef = EF1583A5666AC72C1491CBB5 /* SimpleDelegateControllerEventHandler.swift */; };
		454D7CB523EA4BAC00CE790A /* DefaultScrollViewNextPageRequester.swift in Sources */ = {isa = PBXBuildFile; fileRef = EF158282017F6C0E17D15319 /* DefaultScrollViewNextPageRequester.swift */; };
		454D7CB623EA4BAC00CE790A /* UniversalListUpdater.swift in Sources */ = {isa = PBXBuildFile; fileRef = EF158BCB5746AA6C1C9237D1 /* UniversalListUpdater.swift */; };
		454D7CB723EA4BAC00CE790A /* TableViewUpdater.swift in Sources */ = {isa = PBXBuildFile; fileRef = EF1588DE7F194720FF8C2781 /* TableViewUpdater.swift */; };
		454D7CB823EA4BAC00CE790A /* CollectionViewUpdater.swift in Sources */ = {isa = PBXBuildFile; fileRef = EF1583C96C3C02A28E87D1A6 /* CollectionViewUpdater.swift */; };
		454D7CB923EA4BBD00CE790A /* ReusableView.framework in Frameworks */ = {isa = PBXBuildFile; fileRef = 454D7C7723EA429B00CE790A /* ReusableView.framework */; };
		454D7CBA23EA4BBD00CE790A /* ReusableView.framework in Embed Frameworks */ = {isa = PBXBuildFile; fileRef = 454D7C7723EA429B00CE790A /* ReusableView.framework */; settings = {ATTRIBUTES = (CodeSignOnCopy, RemoveHeadersOnCopy, ); }; };
		458154C623E9DCE700EBF59A /* PersonTableCell.xib in Resources */ = {isa = PBXBuildFile; fileRef = 458154C423E9DCE600EBF59A /* PersonTableCell.xib */; };
		458154C723E9DCE700EBF59A /* PersonTableCell.swift in Sources */ = {isa = PBXBuildFile; fileRef = 458154C523E9DCE600EBF59A /* PersonTableCell.swift */; };
		45C913A223DF3D830021602D /* AppDelegate.swift in Sources */ = {isa = PBXBuildFile; fileRef = 45C913A123DF3D830021602D /* AppDelegate.swift */; };
		45C913A423DF3D830021602D /* SceneDelegate.swift in Sources */ = {isa = PBXBuildFile; fileRef = 45C913A323DF3D830021602D /* SceneDelegate.swift */; };
		45C913AB23DF3D850021602D /* Assets.xcassets in Resources */ = {isa = PBXBuildFile; fileRef = 45C913AA23DF3D850021602D /* Assets.xcassets */; };
		45C913AE23DF3D850021602D /* LaunchScreen.storyboard in Resources */ = {isa = PBXBuildFile; fileRef = 45C913AC23DF3D850021602D /* LaunchScreen.storyboard */; };
		45F26DB223E44EE200747FB2 /* LoadingTableViewCell.xib in Resources */ = {isa = PBXBuildFile; fileRef = 45F26DB123E44EE200747FB2 /* LoadingTableViewCell.xib */; };
		45FD722323E8E8D1007C7EE2 /* StartTypingViewController.xib in Resources */ = {isa = PBXBuildFile; fileRef = 45FD722223E8E8D1007C7EE2 /* StartTypingViewController.xib */; };
		45FD722523E8E90A007C7EE2 /* NoResultsAvailableViewController.xib in Resources */ = {isa = PBXBuildFile; fileRef = 45FD722423E8E90A007C7EE2 /* NoResultsAvailableViewController.xib */; };
		C539A939C5A6B7FFF022DB0C /* libPods-UniversalListController.a in Frameworks */ = {isa = PBXBuildFile; fileRef = B0BB4E9989D25C0FD96A32AA /* libPods-UniversalListController.a */; };
		EF1580E9C87B3D442A54FE1D /* PageableDataProvider.swift in Sources */ = {isa = PBXBuildFile; fileRef = EF1584F487F5C54463DE3529 /* PageableDataProvider.swift */; };
		EF158205F0EB948E4BE4B61B /* PeopleDataMock.swift in Sources */ = {isa = PBXBuildFile; fileRef = EF1588762DFDDC46C223F502 /* PeopleDataMock.swift */; };
		EF158A3668F65FEE9560AE2D /* SearchResultsContainerViewController.swift in Sources */ = {isa = PBXBuildFile; fileRef = EF15829DA3B6230D15B7763E /* SearchResultsContainerViewController.swift */; };
		EF158B2A6CEB1E715B8E0B5F /* ContainerController.swift in Sources */ = {isa = PBXBuildFile; fileRef = EF15892A6C24E88E66A2D57A /* ContainerController.swift */; };
		EF158B75876BE70E5C86CDF9 /* PeopleDataProvider.swift in Sources */ = {isa = PBXBuildFile; fileRef = EF1587D8319D79B214596097 /* PeopleDataProvider.swift */; };
		EF158CB708EB4B690E5CA127 /* DataProvider.swift in Sources */ = {isa = PBXBuildFile; fileRef = EF158368383C7EF9EC909287 /* DataProvider.swift */; };
		EF158D838F0E40CFC934F126 /* DifferentiableTableViewUpdater.swift in Sources */ = {isa = PBXBuildFile; fileRef = EF1586426014A48DE6D6BA45 /* DifferentiableTableViewUpdater.swift */; };
		EF158EAF53F2487E7CA5C86F /* DifferentiableCollectionViewUpdater.swift in Sources */ = {isa = PBXBuildFile; fileRef = EF158E26E2B68F1626028251 /* DifferentiableCollectionViewUpdater.swift */; };
		EF158FB55693E9883AD39ED7 /* GenericSearchBuilder.swift in Sources */ = {isa = PBXBuildFile; fileRef = EF158B4C63EFB75AE27466E9 /* GenericSearchBuilder.swift */; };
/* End PBXBuildFile section */

/* Begin PBXContainerItemProxy section */
		4508237223E8B6FC008D604C /* PBXContainerItemProxy */ = {
			isa = PBXContainerItemProxy;
			containerPortal = 45C9139623DF3D830021602D /* Project object */;
			proxyType = 1;
			remoteGlobalIDString = 4508236C23E8B6FC008D604C;
			remoteInfo = CustomTabViewController;
		};
		454D7C7C23EA429B00CE790A /* PBXContainerItemProxy */ = {
			isa = PBXContainerItemProxy;
			containerPortal = 45C9139623DF3D830021602D /* Project object */;
			proxyType = 1;
			remoteGlobalIDString = 454D7C7623EA429B00CE790A;
			remoteInfo = ReusableView;
		};
		454D7CA023EA471000CE790A /* PBXContainerItemProxy */ = {
			isa = PBXContainerItemProxy;
			containerPortal = 45C9139623DF3D830021602D /* Project object */;
			proxyType = 1;
			remoteGlobalIDString = 454D7C9A23EA471000CE790A;
			remoteInfo = UniversalList;
		};
		454D7CBB23EA4BBD00CE790A /* PBXContainerItemProxy */ = {
			isa = PBXContainerItemProxy;
			containerPortal = 45C9139623DF3D830021602D /* Project object */;
			proxyType = 1;
			remoteGlobalIDString = 454D7C7623EA429B00CE790A;
			remoteInfo = ReusableView;
		};
/* End PBXContainerItemProxy section */

/* Begin PBXCopyFilesBuildPhase section */
		4508237623E8B6FC008D604C /* Embed Frameworks */ = {
			isa = PBXCopyFilesBuildPhase;
			buildActionMask = 2147483647;
			dstPath = "";
			dstSubfolderSpec = 10;
			files = (
				454D7C7F23EA429B00CE790A /* ReusableView.framework in Embed Frameworks */,
				454D7CA323EA471000CE790A /* UniversalList.framework in Embed Frameworks */,
				4508237523E8B6FC008D604C /* CustomTabViewController.framework in Embed Frameworks */,
			);
			name = "Embed Frameworks";
			runOnlyForDeploymentPostprocessing = 0;
		};
		454D7CBD23EA4BBD00CE790A /* Embed Frameworks */ = {
			isa = PBXCopyFilesBuildPhase;
			buildActionMask = 2147483647;
			dstPath = "";
			dstSubfolderSpec = 10;
			files = (
				454D7CBA23EA4BBD00CE790A /* ReusableView.framework in Embed Frameworks */,
			);
			name = "Embed Frameworks";
			runOnlyForDeploymentPostprocessing = 0;
		};
/* End PBXCopyFilesBuildPhase section */

/* Begin PBXFileReference section */
		1BE54063ACA0DBB008F2F82E /* ListCellType.swift */ = {isa = PBXFileReference; fileEncoding = 4; lastKnownFileType = sourcecode.swift; path = ListCellType.swift; sourceTree = "<group>"; };
		1BE5406DA9CA490425882368 /* CityTableCell.xib */ = {isa = PBXFileReference; lastKnownFileType = file.xib; path = CityTableCell.xib; sourceTree = "<group>"; };
		1BE5411A3FAEAA928CC5D79C /* ListData+DifferenceKit.swift */ = {isa = PBXFileReference; fileEncoding = 4; lastKnownFileType = sourcecode.swift; path = "ListData+DifferenceKit.swift"; sourceTree = "<group>"; };
		1BE541A4604D21D5C26786B9 /* LoadingTableViewCell.swift */ = {isa = PBXFileReference; fileEncoding = 4; lastKnownFileType = sourcecode.swift; path = LoadingTableViewCell.swift; sourceTree = "<group>"; };
		1BE54408A58310EF66BEFE1F /* CityTableCell.swift */ = {isa = PBXFileReference; fileEncoding = 4; lastKnownFileType = sourcecode.swift; path = CityTableCell.swift; sourceTree = "<group>"; };
		1BE54415A3516B042B5702AD /* CityCollectionCell.xib */ = {isa = PBXFileReference; lastKnownFileType = file.xib; path = CityCollectionCell.xib; sourceTree = "<group>"; };
		1BE544C4A2FC9F2E9CD242E8 /* RandomizingEventHandler.swift */ = {isa = PBXFileReference; fileEncoding = 4; lastKnownFileType = sourcecode.swift; path = RandomizingEventHandler.swift; sourceTree = "<group>"; };
		1BE544DA41DEF5CD5BB1D55E /* EnclosingArrayDataProvider.swift */ = {isa = PBXFileReference; fileEncoding = 4; lastKnownFileType = sourcecode.swift; path = EnclosingArrayDataProvider.swift; sourceTree = "<group>"; };
		1BE5452FD3C614F40ED4E7B7 /* SearchBarContainerViewController.swift */ = {isa = PBXFileReference; fileEncoding = 4; lastKnownFileType = sourcecode.swift; path = SearchBarContainerViewController.swift; sourceTree = "<group>"; };
		1BE545F87D717E7276B339CD /* GenericSearchEventHandler.swift */ = {isa = PBXFileReference; fileEncoding = 4; lastKnownFileType = sourcecode.swift; path = GenericSearchEventHandler.swift; sourceTree = "<group>"; };
		1BE546245295D6F3FEBE817C /* ConfigurableCellAdapter+DifferenceKit.swift */ = {isa = PBXFileReference; fileEncoding = 4; lastKnownFileType = sourcecode.swift; path = "ConfigurableCellAdapter+DifferenceKit.swift"; sourceTree = "<group>"; };
		1BE548B9402C2AC37C656C0B /* CityCellEventHandling.swift */ = {isa = PBXFileReference; fileEncoding = 4; lastKnownFileType = sourcecode.swift; path = CityCellEventHandling.swift; sourceTree = "<group>"; };
		1BE5491829609596AEA56069 /* ShufflingDataProvider.swift */ = {isa = PBXFileReference; fileEncoding = 4; lastKnownFileType = sourcecode.swift; path = ShufflingDataProvider.swift; sourceTree = "<group>"; };
		1BE54979DA47C603454EF36D /* CityCollectionCell.swift */ = {isa = PBXFileReference; fileEncoding = 4; lastKnownFileType = sourcecode.swift; path = CityCollectionCell.swift; sourceTree = "<group>"; };
		1BE54AEC4B1C5CB4D3255D00 /* SearchBarController.swift */ = {isa = PBXFileReference; fileEncoding = 4; lastKnownFileType = sourcecode.swift; path = SearchBarController.swift; sourceTree = "<group>"; };
		1BE54C1F04477B557E7461F1 /* PaginatingDataProvider.swift */ = {isa = PBXFileReference; fileEncoding = 4; lastKnownFileType = sourcecode.swift; path = PaginatingDataProvider.swift; sourceTree = "<group>"; };
		1BE54DACCB66CCEDB6BC2DF2 /* CityDataProvider.swift */ = {isa = PBXFileReference; fileEncoding = 4; lastKnownFileType = sourcecode.swift; path = CityDataProvider.swift; sourceTree = "<group>"; };
		1BE54FA5D14BD8BC0AD8BDE8 /* CityDataMock.swift */ = {isa = PBXFileReference; fileEncoding = 4; lastKnownFileType = sourcecode.swift; path = CityDataMock.swift; sourceTree = "<group>"; };
		4508236D23E8B6FC008D604C /* CustomTabViewController.framework */ = {isa = PBXFileReference; explicitFileType = wrapper.framework; includeInIndex = 0; path = CustomTabViewController.framework; sourceTree = BUILT_PRODUCTS_DIR; };
		4508236F23E8B6FC008D604C /* CustomTabViewController.h */ = {isa = PBXFileReference; lastKnownFileType = sourcecode.c.h; path = CustomTabViewController.h; sourceTree = "<group>"; };
		4508237023E8B6FC008D604C /* Info.plist */ = {isa = PBXFileReference; lastKnownFileType = text.plist.xml; path = Info.plist; sourceTree = "<group>"; };
		4508237B23E8B745008D604C /* CustomTabViewController.swift */ = {isa = PBXFileReference; fileEncoding = 4; lastKnownFileType = sourcecode.swift; path = CustomTabViewController.swift; sourceTree = "<group>"; };
		4508237D23E8B745008D604C /* CustomTabViewController.xib */ = {isa = PBXFileReference; fileEncoding = 4; lastKnownFileType = file.xib; path = CustomTabViewController.xib; sourceTree = "<group>"; };
		4508237E23E8B745008D604C /* CustomTabViewControllerDelegate.swift */ = {isa = PBXFileReference; fileEncoding = 4; lastKnownFileType = sourcecode.swift; path = CustomTabViewControllerDelegate.swift; sourceTree = "<group>"; };
		454D7C7723EA429B00CE790A /* ReusableView.framework */ = {isa = PBXFileReference; explicitFileType = wrapper.framework; includeInIndex = 0; path = ReusableView.framework; sourceTree = BUILT_PRODUCTS_DIR; };
		454D7C7923EA429B00CE790A /* ReusableView.h */ = {isa = PBXFileReference; lastKnownFileType = sourcecode.c.h; path = ReusableView.h; sourceTree = "<group>"; };
		454D7C7A23EA429B00CE790A /* Info.plist */ = {isa = PBXFileReference; lastKnownFileType = text.plist.xml; path = Info.plist; sourceTree = "<group>"; };
		454D7C9B23EA471000CE790A /* UniversalList.framework */ = {isa = PBXFileReference; explicitFileType = wrapper.framework; includeInIndex = 0; path = UniversalList.framework; sourceTree = BUILT_PRODUCTS_DIR; };
		454D7C9D23EA471000CE790A /* UniversalList.h */ = {isa = PBXFileReference; lastKnownFileType = sourcecode.c.h; path = UniversalList.h; sourceTree = "<group>"; };
		454D7C9E23EA471000CE790A /* Info.plist */ = {isa = PBXFileReference; lastKnownFileType = text.plist.xml; path = Info.plist; sourceTree = "<group>"; };
		458154C423E9DCE600EBF59A /* PersonTableCell.xib */ = {isa = PBXFileReference; fileEncoding = 4; lastKnownFileType = file.xib; path = PersonTableCell.xib; sourceTree = "<group>"; };
		458154C523E9DCE600EBF59A /* PersonTableCell.swift */ = {isa = PBXFileReference; fileEncoding = 4; lastKnownFileType = sourcecode.swift; path = PersonTableCell.swift; sourceTree = "<group>"; };
		45C9139E23DF3D830021602D /* UniversalListController.app */ = {isa = PBXFileReference; explicitFileType = wrapper.application; includeInIndex = 0; path = UniversalListController.app; sourceTree = BUILT_PRODUCTS_DIR; };
		45C913A123DF3D830021602D /* AppDelegate.swift */ = {isa = PBXFileReference; lastKnownFileType = sourcecode.swift; path = AppDelegate.swift; sourceTree = "<group>"; };
		45C913A323DF3D830021602D /* SceneDelegate.swift */ = {isa = PBXFileReference; lastKnownFileType = sourcecode.swift; path = SceneDelegate.swift; sourceTree = "<group>"; };
		45C913AA23DF3D850021602D /* Assets.xcassets */ = {isa = PBXFileReference; lastKnownFileType = folder.assetcatalog; path = Assets.xcassets; sourceTree = "<group>"; };
		45C913AD23DF3D850021602D /* Base */ = {isa = PBXFileReference; lastKnownFileType = file.storyboard; name = Base; path = Base.lproj/LaunchScreen.storyboard; sourceTree = "<group>"; };
		45C913AF23DF3D850021602D /* Info.plist */ = {isa = PBXFileReference; lastKnownFileType = text.plist.xml; path = Info.plist; sourceTree = "<group>"; };
		45F26DB123E44EE200747FB2 /* LoadingTableViewCell.xib */ = {isa = PBXFileReference; lastKnownFileType = file.xib; path = LoadingTableViewCell.xib; sourceTree = "<group>"; };
		45FD722223E8E8D1007C7EE2 /* StartTypingViewController.xib */ = {isa = PBXFileReference; lastKnownFileType = file.xib; path = StartTypingViewController.xib; sourceTree = "<group>"; };
		45FD722423E8E90A007C7EE2 /* NoResultsAvailableViewController.xib */ = {isa = PBXFileReference; lastKnownFileType = file.xib; path = NoResultsAvailableViewController.xib; sourceTree = "<group>"; };
		655CD093BE26AA1ED13466C3 /* Pods-UniversalListController.release.xcconfig */ = {isa = PBXFileReference; includeInIndex = 1; lastKnownFileType = text.xcconfig; name = "Pods-UniversalListController.release.xcconfig"; path = "Target Support Files/Pods-UniversalListController/Pods-UniversalListController.release.xcconfig"; sourceTree = "<group>"; };
		B0BB4E9989D25C0FD96A32AA /* libPods-UniversalListController.a */ = {isa = PBXFileReference; explicitFileType = archive.ar; includeInIndex = 0; path = "libPods-UniversalListController.a"; sourceTree = BUILT_PRODUCTS_DIR; };
		BBA00DCFFBCB3DB1898422BF /* Pods-UniversalListController.debug.xcconfig */ = {isa = PBXFileReference; includeInIndex = 1; lastKnownFileType = text.xcconfig; name = "Pods-UniversalListController.debug.xcconfig"; path = "Target Support Files/Pods-UniversalListController/Pods-UniversalListController.debug.xcconfig"; sourceTree = "<group>"; };
		EF158020AE89F384E12F946D /* CollectionReusableCellDequeuer.swift */ = {isa = PBXFileReference; fileEncoding = 4; lastKnownFileType = sourcecode.swift; path = CollectionReusableCellDequeuer.swift; sourceTree = "<group>"; };
		EF15812EB20E1676682C18EA /* ReusableViewFactory.swift */ = {isa = PBXFileReference; fileEncoding = 4; lastKnownFileType = sourcecode.swift; path = ReusableViewFactory.swift; sourceTree = "<group>"; };
		EF1581844043A2E0F0FAE4BD /* CellAdapter.swift */ = {isa = PBXFileReference; fileEncoding = 4; lastKnownFileType = sourcecode.swift; path = CellAdapter.swift; sourceTree = "<group>"; };
		EF1581D4D95C0C0D445D5BA0 /* WeakArray.swift */ = {isa = PBXFileReference; fileEncoding = 4; lastKnownFileType = sourcecode.swift; path = WeakArray.swift; sourceTree = "<group>"; };
		EF1582152ACB641BF0256D82 /* AnyTableCellAdapter.swift */ = {isa = PBXFileReference; fileEncoding = 4; lastKnownFileType = sourcecode.swift; path = AnyTableCellAdapter.swift; sourceTree = "<group>"; };
		EF158282017F6C0E17D15319 /* DefaultScrollViewNextPageRequester.swift */ = {isa = PBXFileReference; fileEncoding = 4; lastKnownFileType = sourcecode.swift; path = DefaultScrollViewNextPageRequester.swift; sourceTree = "<group>"; };
		EF15829DA3B6230D15B7763E /* SearchResultsContainerViewController.swift */ = {isa = PBXFileReference; fileEncoding = 4; lastKnownFileType = sourcecode.swift; path = SearchResultsContainerViewController.swift; sourceTree = "<group>"; };
		EF158368383C7EF9EC909287 /* DataProvider.swift */ = {isa = PBXFileReference; fileEncoding = 4; lastKnownFileType = sourcecode.swift; path = DataProvider.swift; sourceTree = "<group>"; };
		EF158390FD29DF638BA07D4E /* ReusableViewDequeuer.swift */ = {isa = PBXFileReference; fileEncoding = 4; lastKnownFileType = sourcecode.swift; path = ReusableViewDequeuer.swift; sourceTree = "<group>"; };
		EF1583A5666AC72C1491CBB5 /* SimpleDelegateControllerEventHandler.swift */ = {isa = PBXFileReference; fileEncoding = 4; lastKnownFileType = sourcecode.swift; path = SimpleDelegateControllerEventHandler.swift; sourceTree = "<group>"; };
		EF1583C96C3C02A28E87D1A6 /* CollectionViewUpdater.swift */ = {isa = PBXFileReference; fileEncoding = 4; lastKnownFileType = sourcecode.swift; path = CollectionViewUpdater.swift; sourceTree = "<group>"; };
		EF1584192194F8128DCEF4A3 /* CollectionViewFactory.swift */ = {isa = PBXFileReference; fileEncoding = 4; lastKnownFileType = sourcecode.swift; path = CollectionViewFactory.swift; sourceTree = "<group>"; };
		EF15847AC5935191E3EB9C89 /* AnyViewHolder.swift */ = {isa = PBXFileReference; fileEncoding = 4; lastKnownFileType = sourcecode.swift; path = AnyViewHolder.swift; sourceTree = "<group>"; };
		EF158491BA95FD7A35240BEF /* DirectDataTransformer.swift */ = {isa = PBXFileReference; fileEncoding = 4; lastKnownFileType = sourcecode.swift; path = DirectDataTransformer.swift; sourceTree = "<group>"; };
		EF1584F487F5C54463DE3529 /* PageableDataProvider.swift */ = {isa = PBXFileReference; fileEncoding = 4; lastKnownFileType = sourcecode.swift; path = PageableDataProvider.swift; sourceTree = "<group>"; };
		EF1584FCE0C33E64B1B2F402 /* DequeuingFactory.swift */ = {isa = PBXFileReference; fileEncoding = 4; lastKnownFileType = sourcecode.swift; path = DequeuingFactory.swift; sourceTree = "<group>"; };
		EF158538BD806816AA0CF32C /* SimpleCollectionViewDelegateController.swift */ = {isa = PBXFileReference; fileEncoding = 4; lastKnownFileType = sourcecode.swift; path = SimpleCollectionViewDelegateController.swift; sourceTree = "<group>"; };
		EF1585426B5C33E4EFF18411 /* AnyCollectionCellAdapter.swift */ = {isa = PBXFileReference; fileEncoding = 4; lastKnownFileType = sourcecode.swift; path = AnyCollectionCellAdapter.swift; sourceTree = "<group>"; };
		EF1585787A1EACF137269018 /* ConcreteCellAdapter.swift */ = {isa = PBXFileReference; fileEncoding = 4; lastKnownFileType = sourcecode.swift; path = ConcreteCellAdapter.swift; sourceTree = "<group>"; };
		EF1586426014A48DE6D6BA45 /* DifferentiableTableViewUpdater.swift */ = {isa = PBXFileReference; fileEncoding = 4; lastKnownFileType = sourcecode.swift; path = DifferentiableTableViewUpdater.swift; sourceTree = "<group>"; };
		EF1586A621D1B3D82A5C8226 /* UniversalListViewControllerEventHandler.swift */ = {isa = PBXFileReference; fileEncoding = 4; lastKnownFileType = sourcecode.swift; path = UniversalListViewControllerEventHandler.swift; sourceTree = "<group>"; };
		EF15870EEEB2CE72281832E0 /* TableViewFactory.swift */ = {isa = PBXFileReference; fileEncoding = 4; lastKnownFileType = sourcecode.swift; path = TableViewFactory.swift; sourceTree = "<group>"; };
		EF15871F15219BBA31FFBD87 /* ReusableView.swift */ = {isa = PBXFileReference; fileEncoding = 4; lastKnownFileType = sourcecode.swift; path = ReusableView.swift; sourceTree = "<group>"; };
		EF15879C343E093A46AFBAEF /* ConfigurableCellAdapter.swift */ = {isa = PBXFileReference; fileEncoding = 4; lastKnownFileType = sourcecode.swift; path = ConfigurableCellAdapter.swift; sourceTree = "<group>"; };
		EF1587D8319D79B214596097 /* PeopleDataProvider.swift */ = {isa = PBXFileReference; fileEncoding = 4; lastKnownFileType = sourcecode.swift; path = PeopleDataProvider.swift; sourceTree = "<group>"; };
		EF1588762DFDDC46C223F502 /* PeopleDataMock.swift */ = {isa = PBXFileReference; fileEncoding = 4; lastKnownFileType = sourcecode.swift; path = PeopleDataMock.swift; sourceTree = "<group>"; };
		EF1588DE7F194720FF8C2781 /* TableViewUpdater.swift */ = {isa = PBXFileReference; fileEncoding = 4; lastKnownFileType = sourcecode.swift; path = TableViewUpdater.swift; sourceTree = "<group>"; };
		EF15892A6C24E88E66A2D57A /* ContainerController.swift */ = {isa = PBXFileReference; fileEncoding = 4; lastKnownFileType = sourcecode.swift; path = ContainerController.swift; sourceTree = "<group>"; };
		EF15895F767D97C87C8DF47B /* ConfigurableReusableView.swift */ = {isa = PBXFileReference; fileEncoding = 4; lastKnownFileType = sourcecode.swift; path = ConfigurableReusableView.swift; sourceTree = "<group>"; };
		EF15898C2D06A7C2F2A03E54 /* UniversalListDelegateController.swift */ = {isa = PBXFileReference; fileEncoding = 4; lastKnownFileType = sourcecode.swift; path = UniversalListDelegateController.swift; sourceTree = "<group>"; };
		EF1589A1C14445FDE9050A63 /* SectionData.swift */ = {isa = PBXFileReference; fileEncoding = 4; lastKnownFileType = sourcecode.swift; path = SectionData.swift; sourceTree = "<group>"; };
		EF158A1606C478A92B398600 /* DataTransformer.swift */ = {isa = PBXFileReference; fileEncoding = 4; lastKnownFileType = sourcecode.swift; path = DataTransformer.swift; sourceTree = "<group>"; };
		EF158B4C63EFB75AE27466E9 /* GenericSearchBuilder.swift */ = {isa = PBXFileReference; fileEncoding = 4; lastKnownFileType = sourcecode.swift; path = GenericSearchBuilder.swift; sourceTree = "<group>"; };
		EF158BB37A040DA53032272C /* ViewHolder.swift */ = {isa = PBXFileReference; fileEncoding = 4; lastKnownFileType = sourcecode.swift; path = ViewHolder.swift; sourceTree = "<group>"; };
		EF158BCB5746AA6C1C9237D1 /* UniversalListUpdater.swift */ = {isa = PBXFileReference; fileEncoding = 4; lastKnownFileType = sourcecode.swift; path = UniversalListUpdater.swift; sourceTree = "<group>"; };
		EF158C28175143A700FC6BE2 /* TableReusableCellDequeuer.swift */ = {isa = PBXFileReference; fileEncoding = 4; lastKnownFileType = sourcecode.swift; path = TableReusableCellDequeuer.swift; sourceTree = "<group>"; };
		EF158C2E0502DB7E4A28775E /* UniversalListViewController.swift */ = {isa = PBXFileReference; fileEncoding = 4; lastKnownFileType = sourcecode.swift; path = UniversalListViewController.swift; sourceTree = "<group>"; };
		EF158C616003879A443B0284 /* CellData.swift */ = {isa = PBXFileReference; fileEncoding = 4; lastKnownFileType = sourcecode.swift; path = CellData.swift; sourceTree = "<group>"; };
		EF158C917560A7A7FD8E36C1 /* CollectionViewDataSourceController.swift */ = {isa = PBXFileReference; fileEncoding = 4; lastKnownFileType = sourcecode.swift; path = CollectionViewDataSourceController.swift; sourceTree = "<group>"; };
		EF158E26E2B68F1626028251 /* DifferentiableCollectionViewUpdater.swift */ = {isa = PBXFileReference; fileEncoding = 4; lastKnownFileType = sourcecode.swift; path = DifferentiableCollectionViewUpdater.swift; sourceTree = "<group>"; };
		EF158EB1DC4DD30DC2B9DA86 /* TableViewDataSourceController.swift */ = {isa = PBXFileReference; fileEncoding = 4; lastKnownFileType = sourcecode.swift; path = TableViewDataSourceController.swift; sourceTree = "<group>"; };
		EF158EF761C04CC2267041C9 /* UniversalListDataSourceController.swift */ = {isa = PBXFileReference; fileEncoding = 4; lastKnownFileType = sourcecode.swift; path = UniversalListDataSourceController.swift; sourceTree = "<group>"; };
		EF158F575419851871B0EB18 /* SimpleTableViewDelegateController.swift */ = {isa = PBXFileReference; fileEncoding = 4; lastKnownFileType = sourcecode.swift; path = SimpleTableViewDelegateController.swift; sourceTree = "<group>"; };
		EF158FC7601781B1CA14CD49 /* ListData.swift */ = {isa = PBXFileReference; fileEncoding = 4; lastKnownFileType = sourcecode.swift; path = ListData.swift; sourceTree = "<group>"; };
/* End PBXFileReference section */

/* Begin PBXFrameworksBuildPhase section */
		4508236A23E8B6FC008D604C /* Frameworks */ = {
			isa = PBXFrameworksBuildPhase;
			buildActionMask = 2147483647;
			files = (
			);
			runOnlyForDeploymentPostprocessing = 0;
		};
		454D7C7423EA429B00CE790A /* Frameworks */ = {
			isa = PBXFrameworksBuildPhase;
			buildActionMask = 2147483647;
			files = (
			);
			runOnlyForDeploymentPostprocessing = 0;
		};
		454D7C9823EA471000CE790A /* Frameworks */ = {
			isa = PBXFrameworksBuildPhase;
			buildActionMask = 2147483647;
			files = (
				454D7CB923EA4BBD00CE790A /* ReusableView.framework in Frameworks */,
			);
			runOnlyForDeploymentPostprocessing = 0;
		};
		45C9139B23DF3D830021602D /* Frameworks */ = {
			isa = PBXFrameworksBuildPhase;
			buildActionMask = 2147483647;
			files = (
				454D7CA223EA471000CE790A /* UniversalList.framework in Frameworks */,
				4508237423E8B6FC008D604C /* CustomTabViewController.framework in Frameworks */,
				454D7C7E23EA429B00CE790A /* ReusableView.framework in Frameworks */,
				C539A939C5A6B7FFF022DB0C /* libPods-UniversalListController.a in Frameworks */,
			);
			runOnlyForDeploymentPostprocessing = 0;
		};
/* End PBXFrameworksBuildPhase section */

/* Begin PBXGroup section */
		1BE540F03FBB2540FC92EC26 /* Cells */ = {
			isa = PBXGroup;
			children = (
				458154C523E9DCE600EBF59A /* PersonTableCell.swift */,
				458154C423E9DCE600EBF59A /* PersonTableCell.xib */,
				1BE54408A58310EF66BEFE1F /* CityTableCell.swift */,
				1BE5406DA9CA490425882368 /* CityTableCell.xib */,
				1BE54979DA47C603454EF36D /* CityCollectionCell.swift */,
				1BE54415A3516B042B5702AD /* CityCollectionCell.xib */,
				1BE548B9402C2AC37C656C0B /* CityCellEventHandling.swift */,
				45F26DB123E44EE200747FB2 /* LoadingTableViewCell.xib */,
				1BE541A4604D21D5C26786B9 /* LoadingTableViewCell.swift */,
			);
			path = Cells;
			sourceTree = "<group>";
		};
		1BE54252E4E5AC4ADA57F254 /* View */ = {
			isa = PBXGroup;
			children = (
				1BE54BD05DEEAF5CC40EE7D4 /* Universal List View */,
				1BE540F03FBB2540FC92EC26 /* Cells */,
				1BE54BB0DD4073DD91E0A5C1 /* Search View Controller */,
			);
			path = View;
			sourceTree = "<group>";
		};
		1BE5451D88182B8E19518879 /* Model */ = {
			isa = PBXGroup;
			children = (
				1BE54FA5D14BD8BC0AD8BDE8 /* CityDataMock.swift */,
				1BE54DACCB66CCEDB6BC2DF2 /* CityDataProvider.swift */,
				1BE544DA41DEF5CD5BB1D55E /* EnclosingArrayDataProvider.swift */,
				1BE54C1F04477B557E7461F1 /* PaginatingDataProvider.swift */,
				1BE5491829609596AEA56069 /* ShufflingDataProvider.swift */,
				EF1588762DFDDC46C223F502 /* PeopleDataMock.swift */,
				EF1587D8319D79B214596097 /* PeopleDataProvider.swift */,
				EF158368383C7EF9EC909287 /* DataProvider.swift */,
				EF1584F487F5C54463DE3529 /* PageableDataProvider.swift */,
			);
			path = Model;
			sourceTree = "<group>";
		};
		1BE54A98BE8DC662D217C246 /* Controller */ = {
			isa = PBXGroup;
			children = (
				1BE545F87D717E7276B339CD /* GenericSearchEventHandler.swift */,
				1BE544C4A2FC9F2E9CD242E8 /* RandomizingEventHandler.swift */,
				1BE54063ACA0DBB008F2F82E /* ListCellType.swift */,
			);
			path = Controller;
			sourceTree = "<group>";
		};
		1BE54B5DD5E27FA9FC50BB48 /* Difference Kit Extensions */ = {
			isa = PBXGroup;
			children = (
				1BE546245295D6F3FEBE817C /* ConfigurableCellAdapter+DifferenceKit.swift */,
				1BE5411A3FAEAA928CC5D79C /* ListData+DifferenceKit.swift */,
				EF1586426014A48DE6D6BA45 /* DifferentiableTableViewUpdater.swift */,
				EF158E26E2B68F1626028251 /* DifferentiableCollectionViewUpdater.swift */,
			);
			path = "Difference Kit Extensions";
			sourceTree = "<group>";
		};
		1BE54BB0DD4073DD91E0A5C1 /* Search View Controller */ = {
			isa = PBXGroup;
			children = (
				1BE5452FD3C614F40ED4E7B7 /* SearchBarContainerViewController.swift */,
				1BE54AEC4B1C5CB4D3255D00 /* SearchBarController.swift */,
				EF15829DA3B6230D15B7763E /* SearchResultsContainerViewController.swift */,
				EF15892A6C24E88E66A2D57A /* ContainerController.swift */,
				45FD722223E8E8D1007C7EE2 /* StartTypingViewController.xib */,
				45FD722423E8E90A007C7EE2 /* NoResultsAvailableViewController.xib */,
			);
			path = "Search View Controller";
			sourceTree = "<group>";
		};
		1BE54BD05DEEAF5CC40EE7D4 /* Universal List View */ = {
			isa = PBXGroup;
			children = (
				1BE54B5DD5E27FA9FC50BB48 /* Difference Kit Extensions */,
			);
			path = "Universal List View";
			sourceTree = "<group>";
		};
		38F3AD4316CC9B239D85FE49 /* Pods */ = {
			isa = PBXGroup;
			children = (
				BBA00DCFFBCB3DB1898422BF /* Pods-UniversalListController.debug.xcconfig */,
				655CD093BE26AA1ED13466C3 /* Pods-UniversalListController.release.xcconfig */,
			);
			path = Pods;
			sourceTree = "<group>";
		};
		4508236E23E8B6FC008D604C /* CustomTabViewController */ = {
			isa = PBXGroup;
			children = (
				4508237B23E8B745008D604C /* CustomTabViewController.swift */,
				4508237D23E8B745008D604C /* CustomTabViewController.xib */,
				4508237E23E8B745008D604C /* CustomTabViewControllerDelegate.swift */,
				4508236F23E8B6FC008D604C /* CustomTabViewController.h */,
				4508237023E8B6FC008D604C /* Info.plist */,
			);
			path = CustomTabViewController;
			sourceTree = "<group>";
		};
		454D7C7123EA421500CE790A /* Libraries */ = {
			isa = PBXGroup;
			children = (
				4508236E23E8B6FC008D604C /* CustomTabViewController */,
				454D7C7823EA429B00CE790A /* ReusableView */,
				454D7C9C23EA471000CE790A /* UniversalList */,
			);
			path = Libraries;
			sourceTree = "<group>";
		};
		454D7C7823EA429B00CE790A /* ReusableView */ = {
			isa = PBXGroup;
			children = (
				454D7C7923EA429B00CE790A /* ReusableView.h */,
				454D7C7A23EA429B00CE790A /* Info.plist */,
				EF1581D4D95C0C0D445D5BA0 /* WeakArray.swift */,
				EF158390FD29DF638BA07D4E /* ReusableViewDequeuer.swift */,
				EF1584FCE0C33E64B1B2F402 /* DequeuingFactory.swift */,
				EF15812EB20E1676682C18EA /* ReusableViewFactory.swift */,
				EF158EC5185873699FCE2E4B /* Cell Adapter */,
				EF1587C6222FD6195C26D1E3 /* Dequeuers */,
				EF15871F15219BBA31FFBD87 /* ReusableView.swift */,
				EF158D61CA8769D87FBD27EB /* View Support */,
			);
			path = ReusableView;
			sourceTree = "<group>";
		};
		454D7C9C23EA471000CE790A /* UniversalList */ = {
			isa = PBXGroup;
			children = (
				454D7C9D23EA471000CE790A /* UniversalList.h */,
				454D7C9E23EA471000CE790A /* Info.plist */,
				EF158A2DAD4265F634A168B4 /* Data Structure */,
				EF158499F41B2CB4EF3748F5 /* Data Transformers */,
				EF1582BED0BFB4EF1ADD7D37 /* View Controllers */,
				EF15805EAEB0B98DC0C3C011 /* View Data Sources */,
				EF15832262F1D9C63BA18064 /* View Delegates */,
				EF158C3A18B742036B1729A8 /* View Updaters */,
			);
			path = UniversalList;
			sourceTree = "<group>";
		};
		45C9139523DF3D830021602D = {
			isa = PBXGroup;
			children = (
				454D7C7123EA421500CE790A /* Libraries */,
				45C913A023DF3D830021602D /* UniversalListController */,
				45C9139F23DF3D830021602D /* Products */,
				38F3AD4316CC9B239D85FE49 /* Pods */,
				E245457EA72F4C4AC12F9178 /* Frameworks */,
			);
			sourceTree = "<group>";
		};
		45C9139F23DF3D830021602D /* Products */ = {
			isa = PBXGroup;
			children = (
				45C9139E23DF3D830021602D /* UniversalListController.app */,
				4508236D23E8B6FC008D604C /* CustomTabViewController.framework */,
				454D7C7723EA429B00CE790A /* ReusableView.framework */,
				454D7C9B23EA471000CE790A /* UniversalList.framework */,
			);
			name = Products;
			sourceTree = "<group>";
		};
		45C913A023DF3D830021602D /* UniversalListController */ = {
			isa = PBXGroup;
			children = (
				45C913A123DF3D830021602D /* AppDelegate.swift */,
				45C913A323DF3D830021602D /* SceneDelegate.swift */,
				45C913AA23DF3D850021602D /* Assets.xcassets */,
				45C913AC23DF3D850021602D /* LaunchScreen.storyboard */,
				45C913AF23DF3D850021602D /* Info.plist */,
				1BE54252E4E5AC4ADA57F254 /* View */,
				1BE54A98BE8DC662D217C246 /* Controller */,
				1BE5451D88182B8E19518879 /* Model */,
				EF158B64D610F80EC2858969 /* Builder */,
			);
			path = UniversalListController;
			sourceTree = "<group>";
		};
		E245457EA72F4C4AC12F9178 /* Frameworks */ = {
			isa = PBXGroup;
			children = (
				B0BB4E9989D25C0FD96A32AA /* libPods-UniversalListController.a */,
			);
			name = Frameworks;
			sourceTree = "<group>";
		};
		EF15805EAEB0B98DC0C3C011 /* View Data Sources */ = {
			isa = PBXGroup;
			children = (
				EF158EB1DC4DD30DC2B9DA86 /* TableViewDataSourceController.swift */,
				EF158C917560A7A7FD8E36C1 /* CollectionViewDataSourceController.swift */,
				EF158EF761C04CC2267041C9 /* UniversalListDataSourceController.swift */,
			);
			path = "View Data Sources";
			sourceTree = "<group>";
		};
		EF1582BED0BFB4EF1ADD7D37 /* View Controllers */ = {
			isa = PBXGroup;
			children = (
				EF158C2E0502DB7E4A28775E /* UniversalListViewController.swift */,
				EF1586A621D1B3D82A5C8226 /* UniversalListViewControllerEventHandler.swift */,
			);
			path = "View Controllers";
			sourceTree = "<group>";
		};
		EF15832262F1D9C63BA18064 /* View Delegates */ = {
			isa = PBXGroup;
			children = (
				EF15898C2D06A7C2F2A03E54 /* UniversalListDelegateController.swift */,
				EF158F575419851871B0EB18 /* SimpleTableViewDelegateController.swift */,
				EF158538BD806816AA0CF32C /* SimpleCollectionViewDelegateController.swift */,
				EF1583A5666AC72C1491CBB5 /* SimpleDelegateControllerEventHandler.swift */,
				EF158282017F6C0E17D15319 /* DefaultScrollViewNextPageRequester.swift */,
			);
			path = "View Delegates";
			sourceTree = "<group>";
		};
		EF1584595DB739698803641C /* Type Erasure */ = {
			isa = PBXGroup;
			children = (
				EF1585426B5C33E4EFF18411 /* AnyCollectionCellAdapter.swift */,
				EF1582152ACB641BF0256D82 /* AnyTableCellAdapter.swift */,
			);
			path = "Type Erasure";
			sourceTree = "<group>";
		};
		EF158499F41B2CB4EF3748F5 /* Data Transformers */ = {
			isa = PBXGroup;
			children = (
				EF158A1606C478A92B398600 /* DataTransformer.swift */,
				EF158491BA95FD7A35240BEF /* DirectDataTransformer.swift */,
			);
			path = "Data Transformers";
			sourceTree = "<group>";
		};
		EF1587C6222FD6195C26D1E3 /* Dequeuers */ = {
			isa = PBXGroup;
			children = (
				EF158C28175143A700FC6BE2 /* TableReusableCellDequeuer.swift */,
				EF158020AE89F384E12F946D /* CollectionReusableCellDequeuer.swift */,
			);
			path = Dequeuers;
			sourceTree = "<group>";
		};
		EF15898DBBC1A5CAB411AAB2 /* Type Erasure */ = {
			isa = PBXGroup;
			children = (
				EF15847AC5935191E3EB9C89 /* AnyViewHolder.swift */,
			);
			path = "Type Erasure";
			sourceTree = "<group>";
		};
		EF158A2DAD4265F634A168B4 /* Data Structure */ = {
			isa = PBXGroup;
			children = (
				EF158FC7601781B1CA14CD49 /* ListData.swift */,
				EF1589A1C14445FDE9050A63 /* SectionData.swift */,
				EF158C616003879A443B0284 /* CellData.swift */,
			);
			path = "Data Structure";
			sourceTree = "<group>";
		};
		EF158B64D610F80EC2858969 /* Builder */ = {
			isa = PBXGroup;
			children = (
				EF158B4C63EFB75AE27466E9 /* GenericSearchBuilder.swift */,
			);
			path = Builder;
			sourceTree = "<group>";
		};
		EF158C3A18B742036B1729A8 /* View Updaters */ = {
			isa = PBXGroup;
			children = (
				EF158BCB5746AA6C1C9237D1 /* UniversalListUpdater.swift */,
				EF1588DE7F194720FF8C2781 /* TableViewUpdater.swift */,
				EF1583C96C3C02A28E87D1A6 /* CollectionViewUpdater.swift */,
			);
			path = "View Updaters";
			sourceTree = "<group>";
		};
		EF158D61CA8769D87FBD27EB /* View Support */ = {
			isa = PBXGroup;
			children = (
				EF158BB37A040DA53032272C /* ViewHolder.swift */,
				EF1584192194F8128DCEF4A3 /* CollectionViewFactory.swift */,
				EF15870EEEB2CE72281832E0 /* TableViewFactory.swift */,
				EF15898DBBC1A5CAB411AAB2 /* Type Erasure */,
			);
			path = "View Support";
			sourceTree = "<group>";
		};
		EF158EC5185873699FCE2E4B /* Cell Adapter */ = {
			isa = PBXGroup;
			children = (
				EF1581844043A2E0F0FAE4BD /* CellAdapter.swift */,
				EF15895F767D97C87C8DF47B /* ConfigurableReusableView.swift */,
				EF15879C343E093A46AFBAEF /* ConfigurableCellAdapter.swift */,
				EF1585787A1EACF137269018 /* ConcreteCellAdapter.swift */,
				EF1584595DB739698803641C /* Type Erasure */,
			);
			path = "Cell Adapter";
			sourceTree = "<group>";
		};
/* End PBXGroup section */

/* Begin PBXHeadersBuildPhase section */
		4508236823E8B6FC008D604C /* Headers */ = {
			isa = PBXHeadersBuildPhase;
			buildActionMask = 2147483647;
			files = (
				4508237123E8B6FC008D604C /* CustomTabViewController.h in Headers */,
			);
			runOnlyForDeploymentPostprocessing = 0;
		};
		454D7C7223EA429B00CE790A /* Headers */ = {
			isa = PBXHeadersBuildPhase;
			buildActionMask = 2147483647;
			files = (
				454D7C7B23EA429B00CE790A /* ReusableView.h in Headers */,
			);
			runOnlyForDeploymentPostprocessing = 0;
		};
		454D7C9623EA471000CE790A /* Headers */ = {
			isa = PBXHeadersBuildPhase;
			buildActionMask = 2147483647;
			files = (
				454D7C9F23EA471000CE790A /* UniversalList.h in Headers */,
			);
			runOnlyForDeploymentPostprocessing = 0;
		};
/* End PBXHeadersBuildPhase section */

/* Begin PBXNativeTarget section */
		4508236C23E8B6FC008D604C /* CustomTabViewController */ = {
			isa = PBXNativeTarget;
			buildConfigurationList = 4508237923E8B6FC008D604C /* Build configuration list for PBXNativeTarget "CustomTabViewController" */;
			buildPhases = (
				4508236823E8B6FC008D604C /* Headers */,
				4508236923E8B6FC008D604C /* Sources */,
				4508236A23E8B6FC008D604C /* Frameworks */,
				4508236B23E8B6FC008D604C /* Resources */,
			);
			buildRules = (
			);
			dependencies = (
			);
			name = CustomTabViewController;
			productName = CustomTabViewController;
			productReference = 4508236D23E8B6FC008D604C /* CustomTabViewController.framework */;
			productType = "com.apple.product-type.framework";
		};
		454D7C7623EA429B00CE790A /* ReusableView */ = {
			isa = PBXNativeTarget;
			buildConfigurationList = 454D7C8023EA429B00CE790A /* Build configuration list for PBXNativeTarget "ReusableView" */;
			buildPhases = (
				454D7C7223EA429B00CE790A /* Headers */,
				454D7C7323EA429B00CE790A /* Sources */,
				454D7C7423EA429B00CE790A /* Frameworks */,
				454D7C7523EA429B00CE790A /* Resources */,
			);
			buildRules = (
			);
			dependencies = (
			);
			name = ReusableView;
			productName = ReusableView;
			productReference = 454D7C7723EA429B00CE790A /* ReusableView.framework */;
			productType = "com.apple.product-type.framework";
		};
		454D7C9A23EA471000CE790A /* UniversalList */ = {
			isa = PBXNativeTarget;
			buildConfigurationList = 454D7CA623EA471000CE790A /* Build configuration list for PBXNativeTarget "UniversalList" */;
			buildPhases = (
				454D7C9623EA471000CE790A /* Headers */,
				454D7C9723EA471000CE790A /* Sources */,
				454D7C9823EA471000CE790A /* Frameworks */,
				454D7C9923EA471000CE790A /* Resources */,
				454D7CBD23EA4BBD00CE790A /* Embed Frameworks */,
			);
			buildRules = (
			);
			dependencies = (
				454D7CBC23EA4BBD00CE790A /* PBXTargetDependency */,
			);
			name = UniversalList;
			productName = UniversalList;
			productReference = 454D7C9B23EA471000CE790A /* UniversalList.framework */;
			productType = "com.apple.product-type.framework";
		};
		45C9139D23DF3D830021602D /* UniversalListController */ = {
			isa = PBXNativeTarget;
			buildConfigurationList = 45C913B223DF3D850021602D /* Build configuration list for PBXNativeTarget "UniversalListController" */;
			buildPhases = (
				C5DD67180C26A39BCFD93691 /* [CP] Check Pods Manifest.lock */,
				45C9139A23DF3D830021602D /* Sources */,
				45C9139B23DF3D830021602D /* Frameworks */,
				45C9139C23DF3D830021602D /* Resources */,
				4508237623E8B6FC008D604C /* Embed Frameworks */,
			);
			buildRules = (
			);
			dependencies = (
				4508237323E8B6FC008D604C /* PBXTargetDependency */,
				454D7C7D23EA429B00CE790A /* PBXTargetDependency */,
				454D7CA123EA471000CE790A /* PBXTargetDependency */,
			);
			name = UniversalListController;
			productName = UniversalListController;
			productReference = 45C9139E23DF3D830021602D /* UniversalListController.app */;
			productType = "com.apple.product-type.application";
		};
/* End PBXNativeTarget section */

/* Begin PBXProject section */
		45C9139623DF3D830021602D /* Project object */ = {
			isa = PBXProject;
			attributes = {
				LastSwiftUpdateCheck = 1130;
				LastUpgradeCheck = 1130;
				ORGANIZATIONNAME = "Eugene Kazaev";
				TargetAttributes = {
					4508236C23E8B6FC008D604C = {
						CreatedOnToolsVersion = 11.3;
						LastSwiftMigration = 1130;
					};
					454D7C7623EA429B00CE790A = {
						CreatedOnToolsVersion = 11.3.1;
					};
					454D7C9A23EA471000CE790A = {
						CreatedOnToolsVersion = 11.3.1;
					};
					45C9139D23DF3D830021602D = {
						CreatedOnToolsVersion = 11.3;
					};
				};
			};
			buildConfigurationList = 45C9139923DF3D830021602D /* Build configuration list for PBXProject "UniversalListController" */;
			compatibilityVersion = "Xcode 9.3";
			developmentRegion = en;
			hasScannedForEncodings = 0;
			knownRegions = (
				en,
				Base,
			);
			mainGroup = 45C9139523DF3D830021602D;
			productRefGroup = 45C9139F23DF3D830021602D /* Products */;
			projectDirPath = "";
			projectRoot = "";
			targets = (
				45C9139D23DF3D830021602D /* UniversalListController */,
				4508236C23E8B6FC008D604C /* CustomTabViewController */,
				454D7C7623EA429B00CE790A /* ReusableView */,
				454D7C9A23EA471000CE790A /* UniversalList */,
			);
		};
/* End PBXProject section */

/* Begin PBXResourcesBuildPhase section */
		4508236B23E8B6FC008D604C /* Resources */ = {
			isa = PBXResourcesBuildPhase;
			buildActionMask = 2147483647;
			files = (
				4508238223E8B745008D604C /* CustomTabViewController.xib in Resources */,
			);
			runOnlyForDeploymentPostprocessing = 0;
		};
		454D7C7523EA429B00CE790A /* Resources */ = {
			isa = PBXResourcesBuildPhase;
			buildActionMask = 2147483647;
			files = (
			);
			runOnlyForDeploymentPostprocessing = 0;
		};
		454D7C9923EA471000CE790A /* Resources */ = {
			isa = PBXResourcesBuildPhase;
			buildActionMask = 2147483647;
			files = (
			);
			runOnlyForDeploymentPostprocessing = 0;
		};
		45C9139C23DF3D830021602D /* Resources */ = {
			isa = PBXResourcesBuildPhase;
			buildActionMask = 2147483647;
			files = (
				45FD722523E8E90A007C7EE2 /* NoResultsAvailableViewController.xib in Resources */,
				45FD722323E8E8D1007C7EE2 /* StartTypingViewController.xib in Resources */,
				45C913AE23DF3D850021602D /* LaunchScreen.storyboard in Resources */,
				458154C623E9DCE700EBF59A /* PersonTableCell.xib in Resources */,
				45F26DB223E44EE200747FB2 /* LoadingTableViewCell.xib in Resources */,
				45C913AB23DF3D850021602D /* Assets.xcassets in Resources */,
				1BE54F29CF4ADF76A4D4CC78 /* CityTableCell.xib in Resources */,
				1BE5492B11A7E4F21D627E27 /* CityCollectionCell.xib in Resources */,
			);
			runOnlyForDeploymentPostprocessing = 0;
		};
/* End PBXResourcesBuildPhase section */

/* Begin PBXShellScriptBuildPhase section */
		C5DD67180C26A39BCFD93691 /* [CP] Check Pods Manifest.lock */ = {
			isa = PBXShellScriptBuildPhase;
			buildActionMask = 2147483647;
			files = (
			);
			inputFileListPaths = (
			);
			inputPaths = (
				"${PODS_PODFILE_DIR_PATH}/Podfile.lock",
				"${PODS_ROOT}/Manifest.lock",
			);
			name = "[CP] Check Pods Manifest.lock";
			outputFileListPaths = (
			);
			outputPaths = (
				"$(DERIVED_FILE_DIR)/Pods-UniversalListController-checkManifestLockResult.txt",
			);
			runOnlyForDeploymentPostprocessing = 0;
			shellPath = /bin/sh;
			shellScript = "diff \"${PODS_PODFILE_DIR_PATH}/Podfile.lock\" \"${PODS_ROOT}/Manifest.lock\" > /dev/null\nif [ $? != 0 ] ; then\n    # print error to STDERR\n    echo \"error: The sandbox is not in sync with the Podfile.lock. Run 'pod install' or update your CocoaPods installation.\" >&2\n    exit 1\nfi\n# This output is used by Xcode 'outputs' to avoid re-running this script phase.\necho \"SUCCESS\" > \"${SCRIPT_OUTPUT_FILE_0}\"\n";
			showEnvVarsInLog = 0;
		};
/* End PBXShellScriptBuildPhase section */

/* Begin PBXSourcesBuildPhase section */
		4508236923E8B6FC008D604C /* Sources */ = {
			isa = PBXSourcesBuildPhase;
			buildActionMask = 2147483647;
			files = (
				4508238323E8B745008D604C /* CustomTabViewControllerDelegate.swift in Sources */,
				4508238023E8B745008D604C /* CustomTabViewController.swift in Sources */,
			);
			runOnlyForDeploymentPostprocessing = 0;
		};
		454D7C7323EA429B00CE790A /* Sources */ = {
			isa = PBXSourcesBuildPhase;
			buildActionMask = 2147483647;
			files = (
				454D7C8A23EA431200CE790A /* ConcreteCellAdapter.swift in Sources */,
				454D7C8723EA431200CE790A /* CellAdapter.swift in Sources */,
				454D7C9323EA438300CE790A /* TableViewFactory.swift in Sources */,
				454D7C9123EA438300CE790A /* ViewHolder.swift in Sources */,
				454D7C8D23EA431200CE790A /* TableReusableCellDequeuer.swift in Sources */,
				454D7C8323EA431200CE790A /* WeakArray.swift in Sources */,
				454D7C9223EA438300CE790A /* CollectionViewFactory.swift in Sources */,
				454D7C8923EA431200CE790A /* ConfigurableCellAdapter.swift in Sources */,
				454D7C9523EA438300CE790A /* AnyViewHolder.swift in Sources */,
				454D7C8423EA431200CE790A /* ReusableViewDequeuer.swift in Sources */,
				454D7C8E23EA431200CE790A /* CollectionReusableCellDequeuer.swift in Sources */,
				454D7C8F23EA431200CE790A /* ReusableView.swift in Sources */,
				454D7C8623EA431200CE790A /* ReusableViewFactory.swift in Sources */,
				454D7C8B23EA431200CE790A /* AnyCollectionCellAdapter.swift in Sources */,
				454D7C8C23EA431200CE790A /* AnyTableCellAdapter.swift in Sources */,
				454D7C8823EA431200CE790A /* ConfigurableReusableView.swift in Sources */,
				454D7C8523EA431200CE790A /* DequeuingFactory.swift in Sources */,
			);
			runOnlyForDeploymentPostprocessing = 0;
		};
		454D7C9723EA471000CE790A /* Sources */ = {
			isa = PBXSourcesBuildPhase;
			buildActionMask = 2147483647;
			files = (
				454D7CAE23EA4BAC00CE790A /* TableViewDataSourceController.swift in Sources */,
				454D7CAF23EA4BAC00CE790A /* CollectionViewDataSourceController.swift in Sources */,
				454D7CB423EA4BAC00CE790A /* SimpleDelegateControllerEventHandler.swift in Sources */,
				454D7CA723EA4AB300CE790A /* ListData.swift in Sources */,
				454D7CAD23EA4BAC00CE790A /* UniversalListViewControllerEventHandler.swift in Sources */,
				454D7CB023EA4BAC00CE790A /* UniversalListDataSourceController.swift in Sources */,
				454D7CB123EA4BAC00CE790A /* UniversalListDelegateController.swift in Sources */,
				454D7CAA23EA4BAC00CE790A /* DataTransformer.swift in Sources */,
				454D7CAC23EA4BAC00CE790A /* UniversalListViewController.swift in Sources */,
				454D7CB323EA4BAC00CE790A /* SimpleCollectionViewDelegateController.swift in Sources */,
				454D7CA823EA4AB300CE790A /* SectionData.swift in Sources */,
				454D7CAB23EA4BAC00CE790A /* DirectDataTransformer.swift in Sources */,
				454D7CB223EA4BAC00CE790A /* SimpleTableViewDelegateController.swift in Sources */,
				454D7CB523EA4BAC00CE790A /* DefaultScrollViewNextPageRequester.swift in Sources */,
				454D7CB823EA4BAC00CE790A /* CollectionViewUpdater.swift in Sources */,
				454D7CB723EA4BAC00CE790A /* TableViewUpdater.swift in Sources */,
				454D7CA923EA4AB300CE790A /* CellData.swift in Sources */,
				454D7CB623EA4BAC00CE790A /* UniversalListUpdater.swift in Sources */,
			);
			runOnlyForDeploymentPostprocessing = 0;
		};
		45C9139A23DF3D830021602D /* Sources */ = {
			isa = PBXSourcesBuildPhase;
			buildActionMask = 2147483647;
			files = (
				45C913A223DF3D830021602D /* AppDelegate.swift in Sources */,
				45C913A423DF3D830021602D /* SceneDelegate.swift in Sources */,
				1BE54422EE3D1DE980A171A9 /* CityDataMock.swift in Sources */,
				1BE547ACE8A405FAADB57DA4 /* GenericSearchEventHandler.swift in Sources */,
				1BE54D742770685412B14E0D /* RandomizingEventHandler.swift in Sources */,
				1BE54B6435E8F25EF971AE06 /* CityDataProvider.swift in Sources */,
				458154C723E9DCE700EBF59A /* PersonTableCell.swift in Sources */,
				1BE5432DF14B3372AB70A8AE /* ConfigurableCellAdapter+DifferenceKit.swift in Sources */,
				1BE546F573FCB4EC3C411154 /* ListData+DifferenceKit.swift in Sources */,
				1BE54A2A8AA685799111BAFB /* CityTableCell.swift in Sources */,
				1BE5477BF9562C33D470E48E /* CityCollectionCell.swift in Sources */,
				1BE5431D61ABCC21EB0022CB /* SearchBarContainerViewController.swift in Sources */,
				1BE549FE5A615620849CBE5E /* SearchBarController.swift in Sources */,
				1BE54F466A188DACF21C6251 /* CityCellEventHandling.swift in Sources */,
				1BE54CBE771FB83BCA96AEC2 /* EnclosingArrayDataProvider.swift in Sources */,
				1BE5441A8E2A77ECCF91FD2D /* PaginatingDataProvider.swift in Sources */,
				1BE54094AE0499350268A897 /* LoadingTableViewCell.swift in Sources */,
				1BE54B171EBF84803C0C10B7 /* ListCellType.swift in Sources */,
				1BE540CFF3E93287725F9A93 /* ShufflingDataProvider.swift in Sources */,
				EF158205F0EB948E4BE4B61B /* PeopleDataMock.swift in Sources */,
				EF158B75876BE70E5C86CDF9 /* PeopleDataProvider.swift in Sources */,
				EF158FB55693E9883AD39ED7 /* GenericSearchBuilder.swift in Sources */,
				EF158A3668F65FEE9560AE2D /* SearchResultsContainerViewController.swift in Sources */,
				EF158B2A6CEB1E715B8E0B5F /* ContainerController.swift in Sources */,
				EF158CB708EB4B690E5CA127 /* DataProvider.swift in Sources */,
				EF1580E9C87B3D442A54FE1D /* PageableDataProvider.swift in Sources */,
				EF158D838F0E40CFC934F126 /* DifferentiableTableViewUpdater.swift in Sources */,
				EF158EAF53F2487E7CA5C86F /* DifferentiableCollectionViewUpdater.swift in Sources */,
			);
			runOnlyForDeploymentPostprocessing = 0;
		};
/* End PBXSourcesBuildPhase section */

/* Begin PBXTargetDependency section */
		4508237323E8B6FC008D604C /* PBXTargetDependency */ = {
			isa = PBXTargetDependency;
			target = 4508236C23E8B6FC008D604C /* CustomTabViewController */;
			targetProxy = 4508237223E8B6FC008D604C /* PBXContainerItemProxy */;
		};
		454D7C7D23EA429B00CE790A /* PBXTargetDependency */ = {
			isa = PBXTargetDependency;
			target = 454D7C7623EA429B00CE790A /* ReusableView */;
			targetProxy = 454D7C7C23EA429B00CE790A /* PBXContainerItemProxy */;
		};
		454D7CA123EA471000CE790A /* PBXTargetDependency */ = {
			isa = PBXTargetDependency;
			target = 454D7C9A23EA471000CE790A /* UniversalList */;
			targetProxy = 454D7CA023EA471000CE790A /* PBXContainerItemProxy */;
		};
		454D7CBC23EA4BBD00CE790A /* PBXTargetDependency */ = {
			isa = PBXTargetDependency;
			target = 454D7C7623EA429B00CE790A /* ReusableView */;
			targetProxy = 454D7CBB23EA4BBD00CE790A /* PBXContainerItemProxy */;
		};
/* End PBXTargetDependency section */

/* Begin PBXVariantGroup section */
		45C913AC23DF3D850021602D /* LaunchScreen.storyboard */ = {
			isa = PBXVariantGroup;
			children = (
				45C913AD23DF3D850021602D /* Base */,
			);
			name = LaunchScreen.storyboard;
			sourceTree = "<group>";
		};
/* End PBXVariantGroup section */

/* Begin XCBuildConfiguration section */
		4508237723E8B6FC008D604C /* Debug */ = {
			isa = XCBuildConfiguration;
			buildSettings = {
				CLANG_ENABLE_MODULES = YES;
				CODE_SIGN_STYLE = Automatic;
				CURRENT_PROJECT_VERSION = 1;
				DEFINES_MODULE = YES;
				DYLIB_COMPATIBILITY_VERSION = 1;
				DYLIB_CURRENT_VERSION = 1;
				DYLIB_INSTALL_NAME_BASE = "@rpath";
				INFOPLIST_FILE = Libraries/CustomTabViewController/Info.plist;
				INSTALL_PATH = "$(LOCAL_LIBRARY_DIR)/Frameworks";
				LD_RUNPATH_SEARCH_PATHS = (
					"$(inherited)",
					"@executable_path/Frameworks",
					"@loader_path/Frameworks",
				);
				PRODUCT_BUNDLE_IDENTIFIER = ie.ekazaev.CustomTabViewController;
				PRODUCT_NAME = "$(TARGET_NAME:c99extidentifier)";
				SKIP_INSTALL = YES;
				SWIFT_OPTIMIZATION_LEVEL = "-Onone";
				SWIFT_VERSION = 5.0;
				TARGETED_DEVICE_FAMILY = "1,2";
				VERSIONING_SYSTEM = "apple-generic";
				VERSION_INFO_PREFIX = "";
			};
			name = Debug;
		};
		4508237823E8B6FC008D604C /* Release */ = {
			isa = XCBuildConfiguration;
			buildSettings = {
				CLANG_ENABLE_MODULES = YES;
				CODE_SIGN_STYLE = Automatic;
				CURRENT_PROJECT_VERSION = 1;
				DEFINES_MODULE = YES;
				DYLIB_COMPATIBILITY_VERSION = 1;
				DYLIB_CURRENT_VERSION = 1;
				DYLIB_INSTALL_NAME_BASE = "@rpath";
				INFOPLIST_FILE = Libraries/CustomTabViewController/Info.plist;
				INSTALL_PATH = "$(LOCAL_LIBRARY_DIR)/Frameworks";
				LD_RUNPATH_SEARCH_PATHS = (
					"$(inherited)",
					"@executable_path/Frameworks",
					"@loader_path/Frameworks",
				);
				PRODUCT_BUNDLE_IDENTIFIER = ie.ekazaev.CustomTabViewController;
				PRODUCT_NAME = "$(TARGET_NAME:c99extidentifier)";
				SKIP_INSTALL = YES;
				SWIFT_VERSION = 5.0;
				TARGETED_DEVICE_FAMILY = "1,2";
				VERSIONING_SYSTEM = "apple-generic";
				VERSION_INFO_PREFIX = "";
			};
			name = Release;
		};
		454D7C8123EA429B00CE790A /* Debug */ = {
			isa = XCBuildConfiguration;
			buildSettings = {
				CODE_SIGN_STYLE = Automatic;
				CURRENT_PROJECT_VERSION = 1;
				DEFINES_MODULE = YES;
				DERIVE_MACCATALYST_PRODUCT_BUNDLE_IDENTIFIER = NO;
				DYLIB_COMPATIBILITY_VERSION = 1;
				DYLIB_CURRENT_VERSION = 1;
				DYLIB_INSTALL_NAME_BASE = "@rpath";
				INFOPLIST_FILE = Libraries/ReusableView/Info.plist;
				INSTALL_PATH = "$(LOCAL_LIBRARY_DIR)/Frameworks";
				LD_RUNPATH_SEARCH_PATHS = (
					"$(inherited)",
					"@executable_path/Frameworks",
					"@loader_path/Frameworks",
				);
				PRODUCT_BUNDLE_IDENTIFIER = ie.saks.ReusableView;
				PRODUCT_NAME = "$(TARGET_NAME:c99extidentifier)";
				SKIP_INSTALL = YES;
				SUPPORTS_MACCATALYST = NO;
				SWIFT_VERSION = 5.0;
				TARGETED_DEVICE_FAMILY = "1,2";
				VERSIONING_SYSTEM = "apple-generic";
				VERSION_INFO_PREFIX = "";
			};
			name = Debug;
		};
		454D7C8223EA429B00CE790A /* Release */ = {
			isa = XCBuildConfiguration;
			buildSettings = {
				CODE_SIGN_STYLE = Automatic;
				CURRENT_PROJECT_VERSION = 1;
				DEFINES_MODULE = YES;
				DERIVE_MACCATALYST_PRODUCT_BUNDLE_IDENTIFIER = NO;
				DYLIB_COMPATIBILITY_VERSION = 1;
				DYLIB_CURRENT_VERSION = 1;
				DYLIB_INSTALL_NAME_BASE = "@rpath";
				INFOPLIST_FILE = Libraries/ReusableView/Info.plist;
				INSTALL_PATH = "$(LOCAL_LIBRARY_DIR)/Frameworks";
				LD_RUNPATH_SEARCH_PATHS = (
					"$(inherited)",
					"@executable_path/Frameworks",
					"@loader_path/Frameworks",
				);
				PRODUCT_BUNDLE_IDENTIFIER = ie.saks.ReusableView;
				PRODUCT_NAME = "$(TARGET_NAME:c99extidentifier)";
				SKIP_INSTALL = YES;
				SUPPORTS_MACCATALYST = NO;
				SWIFT_VERSION = 5.0;
				TARGETED_DEVICE_FAMILY = "1,2";
				VERSIONING_SYSTEM = "apple-generic";
				VERSION_INFO_PREFIX = "";
			};
			name = Release;
		};
		454D7CA423EA471000CE790A /* Debug */ = {
			isa = XCBuildConfiguration;
			buildSettings = {
				CODE_SIGN_STYLE = Automatic;
				CURRENT_PROJECT_VERSION = 1;
				DEFINES_MODULE = YES;
				DYLIB_COMPATIBILITY_VERSION = 1;
				DYLIB_CURRENT_VERSION = 1;
				DYLIB_INSTALL_NAME_BASE = "@rpath";
				INFOPLIST_FILE = Libraries/UniversalList/Info.plist;
				INSTALL_PATH = "$(LOCAL_LIBRARY_DIR)/Frameworks";
				LD_RUNPATH_SEARCH_PATHS = (
					"$(inherited)",
					"@executable_path/Frameworks",
					"@loader_path/Frameworks",
				);
				PRODUCT_BUNDLE_IDENTIFIER = ie.saks.UniversalList;
				PRODUCT_NAME = "$(TARGET_NAME:c99extidentifier)";
				SKIP_INSTALL = YES;
				SWIFT_VERSION = 5.0;
				TARGETED_DEVICE_FAMILY = "1,2";
				VERSIONING_SYSTEM = "apple-generic";
				VERSION_INFO_PREFIX = "";
			};
			name = Debug;
		};
		454D7CA523EA471000CE790A /* Release */ = {
			isa = XCBuildConfiguration;
			buildSettings = {
				CODE_SIGN_STYLE = Automatic;
				CURRENT_PROJECT_VERSION = 1;
				DEFINES_MODULE = YES;
				DYLIB_COMPATIBILITY_VERSION = 1;
				DYLIB_CURRENT_VERSION = 1;
				DYLIB_INSTALL_NAME_BASE = "@rpath";
				INFOPLIST_FILE = Libraries/UniversalList/Info.plist;
				INSTALL_PATH = "$(LOCAL_LIBRARY_DIR)/Frameworks";
				LD_RUNPATH_SEARCH_PATHS = (
					"$(inherited)",
					"@executable_path/Frameworks",
					"@loader_path/Frameworks",
				);
				PRODUCT_BUNDLE_IDENTIFIER = ie.saks.UniversalList;
				PRODUCT_NAME = "$(TARGET_NAME:c99extidentifier)";
				SKIP_INSTALL = YES;
				SWIFT_VERSION = 5.0;
				TARGETED_DEVICE_FAMILY = "1,2";
				VERSIONING_SYSTEM = "apple-generic";
				VERSION_INFO_PREFIX = "";
			};
			name = Release;
		};
		45C913B023DF3D850021602D /* Debug */ = {
			isa = XCBuildConfiguration;
			buildSettings = {
				ALWAYS_SEARCH_USER_PATHS = NO;
				CLANG_ANALYZER_NONNULL = YES;
				CLANG_ANALYZER_NUMBER_OBJECT_CONVERSION = YES_AGGRESSIVE;
				CLANG_CXX_LANGUAGE_STANDARD = "gnu++14";
				CLANG_CXX_LIBRARY = "libc++";
				CLANG_ENABLE_MODULES = YES;
				CLANG_ENABLE_OBJC_ARC = YES;
				CLANG_ENABLE_OBJC_WEAK = YES;
				CLANG_WARN_BLOCK_CAPTURE_AUTORELEASING = YES;
				CLANG_WARN_BOOL_CONVERSION = YES;
				CLANG_WARN_COMMA = YES;
				CLANG_WARN_CONSTANT_CONVERSION = YES;
				CLANG_WARN_DEPRECATED_OBJC_IMPLEMENTATIONS = YES;
				CLANG_WARN_DIRECT_OBJC_ISA_USAGE = YES_ERROR;
				CLANG_WARN_DOCUMENTATION_COMMENTS = YES;
				CLANG_WARN_EMPTY_BODY = YES;
				CLANG_WARN_ENUM_CONVERSION = YES;
				CLANG_WARN_INFINITE_RECURSION = YES;
				CLANG_WARN_INT_CONVERSION = YES;
				CLANG_WARN_NON_LITERAL_NULL_CONVERSION = YES;
				CLANG_WARN_OBJC_IMPLICIT_RETAIN_SELF = YES;
				CLANG_WARN_OBJC_LITERAL_CONVERSION = YES;
				CLANG_WARN_OBJC_ROOT_CLASS = YES_ERROR;
				CLANG_WARN_RANGE_LOOP_ANALYSIS = YES;
				CLANG_WARN_STRICT_PROTOTYPES = YES;
				CLANG_WARN_SUSPICIOUS_MOVE = YES;
				CLANG_WARN_UNGUARDED_AVAILABILITY = YES_AGGRESSIVE;
				CLANG_WARN_UNREACHABLE_CODE = YES;
				CLANG_WARN__DUPLICATE_METHOD_MATCH = YES;
				COPY_PHASE_STRIP = NO;
				DEBUG_INFORMATION_FORMAT = dwarf;
				ENABLE_STRICT_OBJC_MSGSEND = YES;
				ENABLE_TESTABILITY = YES;
				GCC_C_LANGUAGE_STANDARD = gnu11;
				GCC_DYNAMIC_NO_PIC = NO;
				GCC_NO_COMMON_BLOCKS = YES;
				GCC_OPTIMIZATION_LEVEL = 0;
				GCC_PREPROCESSOR_DEFINITIONS = (
					"DEBUG=1",
					"$(inherited)",
				);
				GCC_WARN_64_TO_32_BIT_CONVERSION = YES;
				GCC_WARN_ABOUT_RETURN_TYPE = YES_ERROR;
				GCC_WARN_UNDECLARED_SELECTOR = YES;
				GCC_WARN_UNINITIALIZED_AUTOS = YES_AGGRESSIVE;
				GCC_WARN_UNUSED_FUNCTION = YES;
				GCC_WARN_UNUSED_VARIABLE = YES;
				IPHONEOS_DEPLOYMENT_TARGET = 13.2;
				MTL_ENABLE_DEBUG_INFO = INCLUDE_SOURCE;
				MTL_FAST_MATH = YES;
				ONLY_ACTIVE_ARCH = YES;
				SDKROOT = iphoneos;
				SWIFT_ACTIVE_COMPILATION_CONDITIONS = DEBUG;
				SWIFT_OPTIMIZATION_LEVEL = "-Onone";
			};
			name = Debug;
		};
		45C913B123DF3D850021602D /* Release */ = {
			isa = XCBuildConfiguration;
			buildSettings = {
				ALWAYS_SEARCH_USER_PATHS = NO;
				CLANG_ANALYZER_NONNULL = YES;
				CLANG_ANALYZER_NUMBER_OBJECT_CONVERSION = YES_AGGRESSIVE;
				CLANG_CXX_LANGUAGE_STANDARD = "gnu++14";
				CLANG_CXX_LIBRARY = "libc++";
				CLANG_ENABLE_MODULES = YES;
				CLANG_ENABLE_OBJC_ARC = YES;
				CLANG_ENABLE_OBJC_WEAK = YES;
				CLANG_WARN_BLOCK_CAPTURE_AUTORELEASING = YES;
				CLANG_WARN_BOOL_CONVERSION = YES;
				CLANG_WARN_COMMA = YES;
				CLANG_WARN_CONSTANT_CONVERSION = YES;
				CLANG_WARN_DEPRECATED_OBJC_IMPLEMENTATIONS = YES;
				CLANG_WARN_DIRECT_OBJC_ISA_USAGE = YES_ERROR;
				CLANG_WARN_DOCUMENTATION_COMMENTS = YES;
				CLANG_WARN_EMPTY_BODY = YES;
				CLANG_WARN_ENUM_CONVERSION = YES;
				CLANG_WARN_INFINITE_RECURSION = YES;
				CLANG_WARN_INT_CONVERSION = YES;
				CLANG_WARN_NON_LITERAL_NULL_CONVERSION = YES;
				CLANG_WARN_OBJC_IMPLICIT_RETAIN_SELF = YES;
				CLANG_WARN_OBJC_LITERAL_CONVERSION = YES;
				CLANG_WARN_OBJC_ROOT_CLASS = YES_ERROR;
				CLANG_WARN_RANGE_LOOP_ANALYSIS = YES;
				CLANG_WARN_STRICT_PROTOTYPES = YES;
				CLANG_WARN_SUSPICIOUS_MOVE = YES;
				CLANG_WARN_UNGUARDED_AVAILABILITY = YES_AGGRESSIVE;
				CLANG_WARN_UNREACHABLE_CODE = YES;
				CLANG_WARN__DUPLICATE_METHOD_MATCH = YES;
				COPY_PHASE_STRIP = NO;
				DEBUG_INFORMATION_FORMAT = "dwarf-with-dsym";
				ENABLE_NS_ASSERTIONS = NO;
				ENABLE_STRICT_OBJC_MSGSEND = YES;
				GCC_C_LANGUAGE_STANDARD = gnu11;
				GCC_NO_COMMON_BLOCKS = YES;
				GCC_WARN_64_TO_32_BIT_CONVERSION = YES;
				GCC_WARN_ABOUT_RETURN_TYPE = YES_ERROR;
				GCC_WARN_UNDECLARED_SELECTOR = YES;
				GCC_WARN_UNINITIALIZED_AUTOS = YES_AGGRESSIVE;
				GCC_WARN_UNUSED_FUNCTION = YES;
				GCC_WARN_UNUSED_VARIABLE = YES;
				IPHONEOS_DEPLOYMENT_TARGET = 13.2;
				MTL_ENABLE_DEBUG_INFO = NO;
				MTL_FAST_MATH = YES;
				SDKROOT = iphoneos;
				SWIFT_COMPILATION_MODE = wholemodule;
				SWIFT_OPTIMIZATION_LEVEL = "-O";
				VALIDATE_PRODUCT = YES;
			};
			name = Release;
		};
		45C913B323DF3D850021602D /* Debug */ = {
			isa = XCBuildConfiguration;
			baseConfigurationReference = BBA00DCFFBCB3DB1898422BF /* Pods-UniversalListController.debug.xcconfig */;
			buildSettings = {
				ALWAYS_EMBED_SWIFT_STANDARD_LIBRARIES = YES;
				ASSETCATALOG_COMPILER_APPICON_NAME = AppIcon;
				CODE_SIGN_STYLE = Automatic;
				INFOPLIST_FILE = UniversalListController/Info.plist;
				LD_RUNPATH_SEARCH_PATHS = (
					"$(inherited)",
					"@executable_path/Frameworks",
				);
				PRODUCT_BUNDLE_IDENTIFIER = ie.ekazaev.UniversalListController;
				PRODUCT_NAME = "$(TARGET_NAME)";
				SWIFT_VERSION = 5.0;
				TARGETED_DEVICE_FAMILY = "1,2";
			};
			name = Debug;
		};
		45C913B423DF3D850021602D /* Release */ = {
			isa = XCBuildConfiguration;
			baseConfigurationReference = 655CD093BE26AA1ED13466C3 /* Pods-UniversalListController.release.xcconfig */;
			buildSettings = {
				ALWAYS_EMBED_SWIFT_STANDARD_LIBRARIES = YES;
				ASSETCATALOG_COMPILER_APPICON_NAME = AppIcon;
				CODE_SIGN_STYLE = Automatic;
				INFOPLIST_FILE = UniversalListController/Info.plist;
				LD_RUNPATH_SEARCH_PATHS = (
					"$(inherited)",
					"@executable_path/Frameworks",
				);
				PRODUCT_BUNDLE_IDENTIFIER = ie.ekazaev.UniversalListController;
				PRODUCT_NAME = "$(TARGET_NAME)";
				SWIFT_VERSION = 5.0;
				TARGETED_DEVICE_FAMILY = "1,2";
			};
			name = Release;
		};
/* End XCBuildConfiguration section */

/* Begin XCConfigurationList section */
		4508237923E8B6FC008D604C /* Build configuration list for PBXNativeTarget "CustomTabViewController" */ = {
			isa = XCConfigurationList;
			buildConfigurations = (
				4508237723E8B6FC008D604C /* Debug */,
				4508237823E8B6FC008D604C /* Release */,
			);
			defaultConfigurationIsVisible = 0;
			defaultConfigurationName = Release;
		};
		454D7C8023EA429B00CE790A /* Build configuration list for PBXNativeTarget "ReusableView" */ = {
			isa = XCConfigurationList;
			buildConfigurations = (
				454D7C8123EA429B00CE790A /* Debug */,
				454D7C8223EA429B00CE790A /* Release */,
			);
			defaultConfigurationIsVisible = 0;
			defaultConfigurationName = Release;
		};
		454D7CA623EA471000CE790A /* Build configuration list for PBXNativeTarget "UniversalList" */ = {
			isa = XCConfigurationList;
			buildConfigurations = (
				454D7CA423EA471000CE790A /* Debug */,
				454D7CA523EA471000CE790A /* Release */,
			);
			defaultConfigurationIsVisible = 0;
			defaultConfigurationName = Release;
		};
		45C9139923DF3D830021602D /* Build configuration list for PBXProject "UniversalListController" */ = {
			isa = XCConfigurationList;
			buildConfigurations = (
				45C913B023DF3D850021602D /* Debug */,
				45C913B123DF3D850021602D /* Release */,
			);
			defaultConfigurationIsVisible = 0;
			defaultConfigurationName = Release;
		};
		45C913B223DF3D850021602D /* Build configuration list for PBXNativeTarget "UniversalListController" */ = {
			isa = XCConfigurationList;
			buildConfigurations = (
				45C913B323DF3D850021602D /* Debug */,
				45C913B423DF3D850021602D /* Release */,
			);
			defaultConfigurationIsVisible = 0;
			defaultConfigurationName = Release;
		};
/* End XCConfigurationList section */
	};
	rootObject = 45C9139623DF3D830021602D /* Project object */;
}
